
Microsoft Visual Studio Solution File, Format Version 12.00
# Visual Studio Version 17
VisualStudioVersion = 17.0.31903.59
MinimumVisualStudioVersion = 10.0.40219.1
Project("{FAE04EC0-301F-11D3-BF4B-00C04F79EFBC}") = "KeyboardRemapper", "KeyboardRemapper\KeyboardRemapper.csproj", "{871D2231-4C7F-490F-8B40-1E885B5DF757}"
EndProject
Project("{FAE04EC0-301F-11D3-BF4B-00C04F79EFBC}") = "KeyboardRemapper.Tests", "KeyboardRemapper.Tests\KeyboardRemapper.Tests.csproj", "{1D3400CE-E25F-4F1B-B3E7-8BD105E3ECC3}"
EndProject
Global
	GlobalSection(SolutionConfigurationPlatforms) = preSolution
		Debug|Any CPU = Debug|Any CPU
		Release|Any CPU = Release|Any CPU
	EndGlobalSection
	GlobalSection(SolutionProperties) = preSolution
		HideSolutionNode = FALSE
	EndGlobalSection
	GlobalSection(ProjectConfigurationPlatforms) = postSolution
		{871D2231-4C7F-490F-8B40-1E885B5DF757}.Debug|Any CPU.ActiveCfg = Debug|Any CPU
		{871D2231-4C7F-490F-8B40-1E885B5DF757}.Debug|Any CPU.Build.0 = Debug|Any CPU
		{871D2231-4C7F-490F-8B40-1E885B5DF757}.Release|Any CPU.ActiveCfg = Release|Any CPU
		{871D2231-4C7F-490F-8B40-1E885B5DF757}.Release|Any CPU.Build.0 = Release|Any CPU
		{1D3400CE-E25F-4F1B-B3E7-8BD105E3ECC3}.Debug|Any CPU.ActiveCfg = Debug|Any CPU
		{1D3400CE-E25F-4F1B-B3E7-8BD105E3ECC3}.Debug|Any CPU.Build.0 = Debug|Any CPU
		{1D3400CE-E25F-4F1B-B3E7-8BD105E3ECC3}.Release|Any CPU.ActiveCfg = Release|Any CPU
		{1D3400CE-E25F-4F1B-B3E7-8BD105E3ECC3}.Release|Any CPU.Build.0 = Release|Any CPU
	EndGlobalSection
EndGlobal
